// !$*UTF8*$!
{
	archiveVersion = 1;
	classes = {
	};
	objectVersion = 56;
	objects = {

/* Begin PBXBuildFile section */
		BCEE46E328D942C500642895 /* AppDelegate.swift in Sources */ = {isa = PBXBuildFile; fileRef = BCEE46E228D942C500642895 /* AppDelegate.swift */; };
		BCEE46E528D942C500642895 /* SceneDelegate.swift in Sources */ = {isa = PBXBuildFile; fileRef = BCEE46E428D942C500642895 /* SceneDelegate.swift */; };
		BCEE46E728D942C500642895 /* ViewController.swift in Sources */ = {isa = PBXBuildFile; fileRef = BCEE46E628D942C500642895 /* ViewController.swift */; };
		BCEE46EA28D942C600642895 /* Main.storyboard in Resources */ = {isa = PBXBuildFile; fileRef = BCEE46E828D942C600642895 /* Main.storyboard */; };
		BCEE46EC28D942F900642895 /* Assets.xcassets in Resources */ = {isa = PBXBuildFile; fileRef = BCEE46EB28D942F900642895 /* Assets.xcassets */; };
		BCEE46EF28D942F900642895 /* LaunchScreen.storyboard in Resources */ = {isa = PBXBuildFile; fileRef = BCEE46ED28D942F900642895 /* LaunchScreen.storyboard */; };
		BCEE46FA28D942FD00642895 /* FlixTests.swift in Sources */ = {isa = PBXBuildFile; fileRef = BCEE46F928D942FD00642895 /* FlixTests.swift */; };
		BCEE470428D942FD00642895 /* FlixUITests.swift in Sources */ = {isa = PBXBuildFile; fileRef = BCEE470328D942FD00642895 /* FlixUITests.swift */; };
		BCEE470628D942FD00642895 /* FlixUITestsLaunchTests.swift in Sources */ = {isa = PBXBuildFile; fileRef = BCEE470528D942FD00642895 /* FlixUITestsLaunchTests.swift */; };
		BCEE471328DA56C300642895 /* MoviesViewController.swift in Sources */ = {isa = PBXBuildFile; fileRef = BCEE471228DA56A200642895 /* MoviesViewController.swift */; };
		BCEE471628DA5DF900642895 /* AlamofireImage in Frameworks */ = {isa = PBXBuildFile; productRef = BCEE471528DA5DF900642895 /* AlamofireImage */; };
		BCEE471828DAA21D00642895 /* MovieCell.swift in Sources */ = {isa = PBXBuildFile; fileRef = BCEE471728DAA21800642895 /* MovieCell.swift */; };
		BCEE471A28DAB39F00642895 /* MoviesDetailsViewController.swift in Sources */ = {isa = PBXBuildFile; fileRef = BCEE471928DAB39B00642895 /* MoviesDetailsViewController.swift */; };
/* End PBXBuildFile section */

/* Begin PBXContainerItemProxy section */
		BCEE46F628D942FD00642895 /* PBXContainerItemProxy */ = {
			isa = PBXContainerItemProxy;
			containerPortal = BCEE46D728D942B700642895 /* Project object */;
			proxyType = 1;
			remoteGlobalIDString = BCEE46DE28D942C100642895;
			remoteInfo = Flix;
		};
		BCEE470028D942FD00642895 /* PBXContainerItemProxy */ = {
			isa = PBXContainerItemProxy;
			containerPortal = BCEE46D728D942B700642895 /* Project object */;
			proxyType = 1;
			remoteGlobalIDString = BCEE46DE28D942C100642895;
			remoteInfo = Flix;
		};
/* End PBXContainerItemProxy section */

/* Begin PBXFileReference section */
		BCEE46DF28D942C400642895 /* Flix.app */ = {isa = PBXFileReference; explicitFileType = wrapper.application; includeInIndex = 0; path = Flix.app; sourceTree = BUILT_PRODUCTS_DIR; };
		BCEE46E228D942C500642895 /* AppDelegate.swift */ = {isa = PBXFileReference; lastKnownFileType = sourcecode.swift; path = AppDelegate.swift; sourceTree = "<group>"; };
		BCEE46E428D942C500642895 /* SceneDelegate.swift */ = {isa = PBXFileReference; lastKnownFileType = sourcecode.swift; path = SceneDelegate.swift; sourceTree = "<group>"; };
		BCEE46E628D942C500642895 /* ViewController.swift */ = {isa = PBXFileReference; lastKnownFileType = sourcecode.swift; path = ViewController.swift; sourceTree = "<group>"; };
		BCEE46E928D942C600642895 /* Base */ = {isa = PBXFileReference; lastKnownFileType = file.storyboard; name = Base; path = Base.lproj/Main.storyboard; sourceTree = "<group>"; };
		BCEE46EB28D942F900642895 /* Assets.xcassets */ = {isa = PBXFileReference; lastKnownFileType = folder.assetcatalog; path = Assets.xcassets; sourceTree = "<group>"; };
		BCEE46EE28D942F900642895 /* Base */ = {isa = PBXFileReference; lastKnownFileType = file.storyboard; name = Base; path = Base.lproj/LaunchScreen.storyboard; sourceTree = "<group>"; };
		BCEE46F028D942F900642895 /* Info.plist */ = {isa = PBXFileReference; lastKnownFileType = text.plist.xml; path = Info.plist; sourceTree = "<group>"; };
		BCEE46F528D942FD00642895 /* FlixTests.xctest */ = {isa = PBXFileReference; explicitFileType = wrapper.cfbundle; includeInIndex = 0; path = FlixTests.xctest; sourceTree = BUILT_PRODUCTS_DIR; };
		BCEE46F928D942FD00642895 /* FlixTests.swift */ = {isa = PBXFileReference; lastKnownFileType = sourcecode.swift; path = FlixTests.swift; sourceTree = "<group>"; };
		BCEE46FF28D942FD00642895 /* FlixUITests.xctest */ = {isa = PBXFileReference; explicitFileType = wrapper.cfbundle; includeInIndex = 0; path = FlixUITests.xctest; sourceTree = BUILT_PRODUCTS_DIR; };
		BCEE470328D942FD00642895 /* FlixUITests.swift */ = {isa = PBXFileReference; lastKnownFileType = sourcecode.swift; path = FlixUITests.swift; sourceTree = "<group>"; };
		BCEE470528D942FD00642895 /* FlixUITestsLaunchTests.swift */ = {isa = PBXFileReference; lastKnownFileType = sourcecode.swift; path = FlixUITestsLaunchTests.swift; sourceTree = "<group>"; };
		BCEE471228DA56A200642895 /* MoviesViewController.swift */ = {isa = PBXFileReference; lastKnownFileType = sourcecode.swift; path = MoviesViewController.swift; sourceTree = "<group>"; };
		BCEE471728DAA21800642895 /* MovieCell.swift */ = {isa = PBXFileReference; lastKnownFileType = sourcecode.swift; path = MovieCell.swift; sourceTree = "<group>"; };
		BCEE471928DAB39B00642895 /* MoviesDetailsViewController.swift */ = {isa = PBXFileReference; lastKnownFileType = sourcecode.swift; path = MoviesDetailsViewController.swift; sourceTree = "<group>"; };
/* End PBXFileReference section */

/* Begin PBXFrameworksBuildPhase section */
		BCEE46DC28D942C100642895 /* Frameworks */ = {
			isa = PBXFrameworksBuildPhase;
			buildActionMask = 2147483647;
			files = (
				BCEE471628DA5DF900642895 /* AlamofireImage in Frameworks */,
			);
			runOnlyForDeploymentPostprocessing = 0;
		};
		BCEE46F228D942FD00642895 /* Frameworks */ = {
			isa = PBXFrameworksBuildPhase;
			buildActionMask = 2147483647;
			files = (
			);
			runOnlyForDeploymentPostprocessing = 0;
		};
		BCEE46FC28D942FD00642895 /* Frameworks */ = {
			isa = PBXFrameworksBuildPhase;
			buildActionMask = 2147483647;
			files = (
			);
			runOnlyForDeploymentPostprocessing = 0;
		};
/* End PBXFrameworksBuildPhase section */

/* Begin PBXGroup section */
		BCEE46D628D942B600642895 = {
			isa = PBXGroup;
			children = (
				BCEE46E128D942C400642895 /* Flix */,
				BCEE46F828D942FD00642895 /* FlixTests */,
				BCEE470228D942FD00642895 /* FlixUITests */,
				BCEE46E028D942C400642895 /* Products */,
			);
			sourceTree = "<group>";
		};
		BCEE46E028D942C400642895 /* Products */ = {
			isa = PBXGroup;
			children = (
				BCEE46DF28D942C400642895 /* Flix.app */,
				BCEE46F528D942FD00642895 /* FlixTests.xctest */,
				BCEE46FF28D942FD00642895 /* FlixUITests.xctest */,
			);
			name = Products;
			sourceTree = "<group>";
		};
		BCEE46E128D942C400642895 /* Flix */ = {
			isa = PBXGroup;
			children = (
				BCEE46E228D942C500642895 /* AppDelegate.swift */,
				BCEE46E428D942C500642895 /* SceneDelegate.swift */,
				BCEE46E628D942C500642895 /* ViewController.swift */,
				BCEE471228DA56A200642895 /* MoviesViewController.swift */,
				BCEE46E828D942C600642895 /* Main.storyboard */,
				BCEE471928DAB39B00642895 /* MoviesDetailsViewController.swift */,
				BCEE471728DAA21800642895 /* MovieCell.swift */,
				BCEE46EB28D942F900642895 /* Assets.xcassets */,
				BCEE46ED28D942F900642895 /* LaunchScreen.storyboard */,
				BCEE46F028D942F900642895 /* Info.plist */,
			);
			path = Flix;
			sourceTree = "<group>";
		};
		BCEE46F828D942FD00642895 /* FlixTests */ = {
			isa = PBXGroup;
			children = (
				BCEE46F928D942FD00642895 /* FlixTests.swift */,
			);
			path = FlixTests;
			sourceTree = "<group>";
		};
		BCEE470228D942FD00642895 /* FlixUITests */ = {
			isa = PBXGroup;
			children = (
				BCEE470328D942FD00642895 /* FlixUITests.swift */,
				BCEE470528D942FD00642895 /* FlixUITestsLaunchTests.swift */,
			);
			path = FlixUITests;
			sourceTree = "<group>";
		};
/* End PBXGroup section */

/* Begin PBXNativeTarget section */
		BCEE46DE28D942C100642895 /* Flix */ = {
			isa = PBXNativeTarget;
			buildConfigurationList = BCEE470928D942FE00642895 /* Build configuration list for PBXNativeTarget "Flix" */;
			buildPhases = (
				BCEE46DB28D942C100642895 /* Sources */,
				BCEE46DC28D942C100642895 /* Frameworks */,
				BCEE46DD28D942C100642895 /* Resources */,
			);
			buildRules = (
			);
			dependencies = (
			);
			name = Flix;
			packageProductDependencies = (
				BCEE471528DA5DF900642895 /* AlamofireImage */,
			);
			productName = Flix;
			productReference = BCEE46DF28D942C400642895 /* Flix.app */;
			productType = "com.apple.product-type.application";
		};
		BCEE46F428D942FD00642895 /* FlixTests */ = {
			isa = PBXNativeTarget;
			buildConfigurationList = BCEE470C28D942FE00642895 /* Build configuration list for PBXNativeTarget "FlixTests" */;
			buildPhases = (
				BCEE46F128D942FD00642895 /* Sources */,
				BCEE46F228D942FD00642895 /* Frameworks */,
				BCEE46F328D942FD00642895 /* Resources */,
			);
			buildRules = (
			);
			dependencies = (
				BCEE46F728D942FD00642895 /* PBXTargetDependency */,
			);
			name = FlixTests;
			productName = FlixTests;
			productReference = BCEE46F528D942FD00642895 /* FlixTests.xctest */;
			productType = "com.apple.product-type.bundle.unit-test";
		};
		BCEE46FE28D942FD00642895 /* FlixUITests */ = {
			isa = PBXNativeTarget;
			buildConfigurationList = BCEE470F28D942FE00642895 /* Build configuration list for PBXNativeTarget "FlixUITests" */;
			buildPhases = (
				BCEE46FB28D942FD00642895 /* Sources */,
				BCEE46FC28D942FD00642895 /* Frameworks */,
				BCEE46FD28D942FD00642895 /* Resources */,
			);
			buildRules = (
			);
			dependencies = (
				BCEE470128D942FD00642895 /* PBXTargetDependency */,
			);
			name = FlixUITests;
			productName = FlixUITests;
			productReference = BCEE46FF28D942FD00642895 /* FlixUITests.xctest */;
			productType = "com.apple.product-type.bundle.ui-testing";
		};
/* End PBXNativeTarget section */

/* Begin PBXProject section */
		BCEE46D728D942B700642895 /* Project object */ = {
			isa = PBXProject;
			attributes = {
				BuildIndependentTargetsInParallel = 1;
				LastSwiftUpdateCheck = 1400;
				LastUpgradeCheck = 1400;
				TargetAttributes = {
					BCEE46DE28D942C100642895 = {
						CreatedOnToolsVersion = 14.0;
					};
					BCEE46F428D942FD00642895 = {
						CreatedOnToolsVersion = 14.0;
						TestTargetID = BCEE46DE28D942C100642895;
					};
					BCEE46FE28D942FD00642895 = {
						CreatedOnToolsVersion = 14.0;
						TestTargetID = BCEE46DE28D942C100642895;
					};
				};
			};
			buildConfigurationList = BCEE46DA28D942B800642895 /* Build configuration list for PBXProject "Flix" */;
			compatibilityVersion = "Xcode 14.0";
			developmentRegion = en;
			hasScannedForEncodings = 0;
			knownRegions = (
				en,
				Base,
			);
			mainGroup = BCEE46D628D942B600642895;
			packageReferences = (
				BCEE471428DA5DF900642895 /* XCRemoteSwiftPackageReference "AlamofireImage" */,
			);
			productRefGroup = BCEE46E028D942C400642895 /* Products */;
			projectDirPath = "";
			projectRoot = "";
			targets = (
				BCEE46DE28D942C100642895 /* Flix */,
				BCEE46F428D942FD00642895 /* FlixTests */,
				BCEE46FE28D942FD00642895 /* FlixUITests */,
			);
		};
/* End PBXProject section */

/* Begin PBXResourcesBuildPhase section */
		BCEE46DD28D942C100642895 /* Resources */ = {
			isa = PBXResourcesBuildPhase;
			buildActionMask = 2147483647;
			files = (
				BCEE46EF28D942F900642895 /* LaunchScreen.storyboard in Resources */,
				BCEE46EC28D942F900642895 /* Assets.xcassets in Resources */,
				BCEE46EA28D942C600642895 /* Main.storyboard in Resources */,
			);
			runOnlyForDeploymentPostprocessing = 0;
		};
		BCEE46F328D942FD00642895 /* Resources */ = {
			isa = PBXResourcesBuildPhase;
			buildActionMask = 2147483647;
			files = (
			);
			runOnlyForDeploymentPostprocessing = 0;
		};
		BCEE46FD28D942FD00642895 /* Resources */ = {
			isa = PBXResourcesBuildPhase;
			buildActionMask = 2147483647;
			files = (
			);
			runOnlyForDeploymentPostprocessing = 0;
		};
/* End PBXResourcesBuildPhase section */

/* Begin PBXSourcesBuildPhase section */
		BCEE46DB28D942C100642895 /* Sources */ = {
			isa = PBXSourcesBuildPhase;
			buildActionMask = 2147483647;
			files = (
				BCEE46E728D942C500642895 /* ViewController.swift in Sources */,
				BCEE46E328D942C500642895 /* AppDelegate.swift in Sources */,
				BCEE46E528D942C500642895 /* SceneDelegate.swift in Sources */,
				BCEE471828DAA21D00642895 /* MovieCell.swift in Sources */,
				BCEE471A28DAB39F00642895 /* MoviesDetailsViewController.swift in Sources */,
				BCEE471328DA56C300642895 /* MoviesViewController.swift in Sources */,
			);
			runOnlyForDeploymentPostprocessing = 0;
		};
		BCEE46F128D942FD00642895 /* Sources */ = {
			isa = PBXSourcesBuildPhase;
			buildActionMask = 2147483647;
			files = (
				BCEE46FA28D942FD00642895 /* FlixTests.swift in Sources */,
			);
			runOnlyForDeploymentPostprocessing = 0;
		};
		BCEE46FB28D942FD00642895 /* Sources */ = {
			isa = PBXSourcesBuildPhase;
			buildActionMask = 2147483647;
			files = (
				BCEE470428D942FD00642895 /* FlixUITests.swift in Sources */,
				BCEE470628D942FD00642895 /* FlixUITestsLaunchTests.swift in Sources */,
			);
			runOnlyForDeploymentPostprocessing = 0;
		};
/* End PBXSourcesBuildPhase section */

/* Begin PBXTargetDependency section */
		BCEE46F728D942FD00642895 /* PBXTargetDependency */ = {
			isa = PBXTargetDependency;
			target = BCEE46DE28D942C100642895 /* Flix */;
			targetProxy = BCEE46F628D942FD00642895 /* PBXContainerItemProxy */;
		};
		BCEE470128D942FD00642895 /* PBXTargetDependency */ = {
			isa = PBXTargetDependency;
			target = BCEE46DE28D942C100642895 /* Flix */;
			targetProxy = BCEE470028D942FD00642895 /* PBXContainerItemProxy */;
		};
/* End PBXTargetDependency section */

/* Begin PBXVariantGroup section */
		BCEE46E828D942C600642895 /* Main.storyboard */ = {
			isa = PBXVariantGroup;
			children = (
				BCEE46E928D942C600642895 /* Base */,
			);
			name = Main.storyboard;
			sourceTree = "<group>";
		};
		BCEE46ED28D942F900642895 /* LaunchScreen.storyboard */ = {
			isa = PBXVariantGroup;
			children = (
				BCEE46EE28D942F900642895 /* Base */,
			);
			name = LaunchScreen.storyboard;
			sourceTree = "<group>";
		};
/* End PBXVariantGroup section */

/* Begin XCBuildConfiguration section */
		BCEE470728D942FE00642895 /* Debug */ = {
			isa = XCBuildConfiguration;
			buildSettings = {
				ALWAYS_SEARCH_USER_PATHS = NO;
				CLANG_ANALYZER_NONNULL = YES;
				CLANG_ANALYZER_NUMBER_OBJECT_CONVERSION = YES_AGGRESSIVE;
				CLANG_CXX_LANGUAGE_STANDARD = "gnu++20";
				CLANG_ENABLE_MODULES = YES;
				CLANG_ENABLE_OBJC_ARC = YES;
				CLANG_ENABLE_OBJC_WEAK = YES;
				CLANG_WARN_BLOCK_CAPTURE_AUTORELEASING = YES;
				CLANG_WARN_BOOL_CONVERSION = YES;
				CLANG_WARN_COMMA = YES;
				CLANG_WARN_CONSTANT_CONVERSION = YES;
				CLANG_WARN_DEPRECATED_OBJC_IMPLEMENTATIONS = YES;
				CLANG_WARN_DIRECT_OBJC_ISA_USAGE = YES_ERROR;
				CLANG_WARN_DOCUMENTATION_COMMENTS = YES;
				CLANG_WARN_EMPTY_BODY = YES;
				CLANG_WARN_ENUM_CONVERSION = YES;
				CLANG_WARN_INFINITE_RECURSION = YES;
				CLANG_WARN_INT_CONVERSION = YES;
				CLANG_WARN_NON_LITERAL_NULL_CONVERSION = YES;
				CLANG_WARN_OBJC_IMPLICIT_RETAIN_SELF = YES;
				CLANG_WARN_OBJC_LITERAL_CONVERSION = YES;
				CLANG_WARN_OBJC_ROOT_CLASS = YES_ERROR;
				CLANG_WARN_QUOTED_INCLUDE_IN_FRAMEWORK_HEADER = YES;
				CLANG_WARN_RANGE_LOOP_ANALYSIS = YES;
				CLANG_WARN_STRICT_PROTOTYPES = YES;
				CLANG_WARN_SUSPICIOUS_MOVE = YES;
				CLANG_WARN_UNGUARDED_AVAILABILITY = YES_AGGRESSIVE;
				CLANG_WARN_UNREACHABLE_CODE = YES;
				CLANG_WARN__DUPLICATE_METHOD_MATCH = YES;
				COPY_PHASE_STRIP = NO;
				DEBUG_INFORMATION_FORMAT = dwarf;
				ENABLE_STRICT_OBJC_MSGSEND = YES;
				ENABLE_TESTABILITY = YES;
				GCC_C_LANGUAGE_STANDARD = gnu11;
				GCC_DYNAMIC_NO_PIC = NO;
				GCC_NO_COMMON_BLOCKS = YES;
				GCC_OPTIMIZATION_LEVEL = 0;
				GCC_PREPROCESSOR_DEFINITIONS = (
					"DEBUG=1",
					"$(inherited)",
				);
				GCC_WARN_64_TO_32_BIT_CONVERSION = YES;
				GCC_WARN_ABOUT_RETURN_TYPE = YES_ERROR;
				GCC_WARN_UNDECLARED_SELECTOR = YES;
				GCC_WARN_UNINITIALIZED_AUTOS = YES_AGGRESSIVE;
				GCC_WARN_UNUSED_FUNCTION = YES;
				GCC_WARN_UNUSED_VARIABLE = YES;
				IPHONEOS_DEPLOYMENT_TARGET = 16.0;
				MTL_ENABLE_DEBUG_INFO = INCLUDE_SOURCE;
				MTL_FAST_MATH = YES;
				ONLY_ACTIVE_ARCH = YES;
				SDKROOT = iphoneos;
				SWIFT_ACTIVE_COMPILATION_CONDITIONS = DEBUG;
				SWIFT_OPTIMIZATION_LEVEL = "-Onone";
			};
			name = Debug;
		};
		BCEE470828D942FE00642895 /* Release */ = {
			isa = XCBuildConfiguration;
			buildSettings = {
				ALWAYS_SEARCH_USER_PATHS = NO;
				CLANG_ANALYZER_NONNULL = YES;
				CLANG_ANALYZER_NUMBER_OBJECT_CONVERSION = YES_AGGRESSIVE;
				CLANG_CXX_LANGUAGE_STANDARD = "gnu++20";
				CLANG_ENABLE_MODULES = YES;
				CLANG_ENABLE_OBJC_ARC = YES;
				CLANG_ENABLE_OBJC_WEAK = YES;
				CLANG_WARN_BLOCK_CAPTURE_AUTORELEASING = YES;
				CLANG_WARN_BOOL_CONVERSION = YES;
				CLANG_WARN_COMMA = YES;
				CLANG_WARN_CONSTANT_CONVERSION = YES;
				CLANG_WARN_DEPRECATED_OBJC_IMPLEMENTATIONS = YES;
				CLANG_WARN_DIRECT_OBJC_ISA_USAGE = YES_ERROR;
				CLANG_WARN_DOCUMENTATION_COMMENTS = YES;
				CLANG_WARN_EMPTY_BODY = YES;
				CLANG_WARN_ENUM_CONVERSION = YES;
				CLANG_WARN_INFINITE_RECURSION = YES;
				CLANG_WARN_INT_CONVERSION = YES;
				CLANG_WARN_NON_LITERAL_NULL_CONVERSION = YES;
				CLANG_WARN_OBJC_IMPLICIT_RETAIN_SELF = YES;
				CLANG_WARN_OBJC_LITERAL_CONVERSION = YES;
				CLANG_WARN_OBJC_ROOT_CLASS = YES_ERROR;
				CLANG_WARN_QUOTED_INCLUDE_IN_FRAMEWORK_HEADER = YES;
				CLANG_WARN_RANGE_LOOP_ANALYSIS = YES;
				CLANG_WARN_STRICT_PROTOTYPES = YES;
				CLANG_WARN_SUSPICIOUS_MOVE = YES;
				CLANG_WARN_UNGUARDED_AVAILABILITY = YES_AGGRESSIVE;
				CLANG_WARN_UNREACHABLE_CODE = YES;
				CLANG_WARN__DUPLICATE_METHOD_MATCH = YES;
				COPY_PHASE_STRIP = NO;
				DEBUG_INFORMATION_FORMAT = "dwarf-with-dsym";
				ENABLE_NS_ASSERTIONS = NO;
				ENABLE_STRICT_OBJC_MSGSEND = YES;
				GCC_C_LANGUAGE_STANDARD = gnu11;
				GCC_NO_COMMON_BLOCKS = YES;
				GCC_WARN_64_TO_32_BIT_CONVERSION = YES;
				GCC_WARN_ABOUT_RETURN_TYPE = YES_ERROR;
				GCC_WARN_UNDECLARED_SELECTOR = YES;
				GCC_WARN_UNINITIALIZED_AUTOS = YES_AGGRESSIVE;
				GCC_WARN_UNUSED_FUNCTION = YES;
				GCC_WARN_UNUSED_VARIABLE = YES;
				IPHONEOS_DEPLOYMENT_TARGET = 16.0;
				MTL_ENABLE_DEBUG_INFO = NO;
				MTL_FAST_MATH = YES;
				SDKROOT = iphoneos;
				SWIFT_COMPILATION_MODE = wholemodule;
				SWIFT_OPTIMIZATION_LEVEL = "-O";
				VALIDATE_PRODUCT = YES;
			};
			name = Release;
		};
		BCEE470A28D942FE00642895 /* Debug */ = {
			isa = XCBuildConfiguration;
			buildSettings = {
				ASSETCATALOG_COMPILER_APPICON_NAME = AppIcon;
				ASSETCATALOG_COMPILER_GLOBAL_ACCENT_COLOR_NAME = AccentColor;
				CODE_SIGN_STYLE = Automatic;
				CURRENT_PROJECT_VERSION = 1;
				GENERATE_INFOPLIST_FILE = YES;
				INFOPLIST_FILE = Flix/Info.plist;
				INFOPLIST_KEY_UIApplicationSupportsIndirectInputEvents = YES;
				INFOPLIST_KEY_UILaunchStoryboardName = LaunchScreen;
				INFOPLIST_KEY_UIMainStoryboardFile = Main;
				INFOPLIST_KEY_UISupportedInterfaceOrientations_iPad = "UIInterfaceOrientationPortrait UIInterfaceOrientationPortraitUpsideDown UIInterfaceOrientationLandscapeLeft UIInterfaceOrientationLandscapeRight";
				INFOPLIST_KEY_UISupportedInterfaceOrientations_iPhone = "UIInterfaceOrientationPortrait UIInterfaceOrientationLandscapeLeft UIInterfaceOrientationLandscapeRight";
				LD_RUNPATH_SEARCH_PATHS = (
					"$(inherited)",
					"@executable_path/Frameworks",
				);
				MARKETING_VERSION = 1.0;
				PRODUCT_BUNDLE_IDENTIFIER = com.codepath.Flix;
				PRODUCT_NAME = "$(TARGET_NAME)";
				SWIFT_EMIT_LOC_STRINGS = YES;
				SWIFT_VERSION = 5.0;
				TARGETED_DEVICE_FAMILY = "1,2";
			};
			name = Debug;
		};
		BCEE470B28D942FE00642895 /* Release */ = {
			isa = XCBuildConfiguration;
			buildSettings = {
				ASSETCATALOG_COMPILER_APPICON_NAME = AppIcon;
				ASSETCATALOG_COMPILER_GLOBAL_ACCENT_COLOR_NAME = AccentColor;
				CODE_SIGN_STYLE = Automatic;
				CURRENT_PROJECT_VERSION = 1;
				GENERATE_INFOPLIST_FILE = YES;
				INFOPLIST_FILE = Flix/Info.plist;
				INFOPLIST_KEY_UIApplicationSupportsIndirectInputEvents = YES;
				INFOPLIST_KEY_UILaunchStoryboardName = LaunchScreen;
				INFOPLIST_KEY_UIMainStoryboardFile = Main;
				INFOPLIST_KEY_UISupportedInterfaceOrientations_iPad = "UIInterfaceOrientationPortrait UIInterfaceOrientationPortraitUpsideDown UIInterfaceOrientationLandscapeLeft UIInterfaceOrientationLandscapeRight";
				INFOPLIST_KEY_UISupportedInterfaceOrientations_iPhone = "UIInterfaceOrientationPortrait UIInterfaceOrientationLandscapeLeft UIInterfaceOrientationLandscapeRight";
				LD_RUNPATH_SEARCH_PATHS = (
					"$(inherited)",
					"@executable_path/Frameworks",
				);
				MARKETING_VERSION = 1.0;
				PRODUCT_BUNDLE_IDENTIFIER = com.codepath.Flix;
				PRODUCT_NAME = "$(TARGET_NAME)";
				SWIFT_EMIT_LOC_STRINGS = YES;
				SWIFT_VERSION = 5.0;
				TARGETED_DEVICE_FAMILY = "1,2";
			};
			name = Release;
		};
		BCEE470D28D942FE00642895 /* Debug */ = {
			isa = XCBuildConfiguration;
			buildSettings = {
				ALWAYS_EMBED_SWIFT_STANDARD_LIBRARIES = YES;
				BUNDLE_LOADER = "$(TEST_HOST)";
				CODE_SIGN_STYLE = Automatic;
				CURRENT_PROJECT_VERSION = 1;
				GENERATE_INFOPLIST_FILE = YES;
				IPHONEOS_DEPLOYMENT_TARGET = 16.0;
				MARKETING_VERSION = 1.0;
				PRODUCT_BUNDLE_IDENTIFIER = com.codepath.FlixTests;
				PRODUCT_NAME = "$(TARGET_NAME)";
				SWIFT_EMIT_LOC_STRINGS = NO;
				SWIFT_VERSION = 5.0;
				TARGETED_DEVICE_FAMILY = "1,2";
				TEST_HOST = "$(BUILT_PRODUCTS_DIR)/Flix.app/$(BUNDLE_EXECUTABLE_FOLDER_PATH)/Flix";
			};
			name = Debug;
		};
		BCEE470E28D942FE00642895 /* Release */ = {
			isa = XCBuildConfiguration;
			buildSettings = {
				ALWAYS_EMBED_SWIFT_STANDARD_LIBRARIES = YES;
				BUNDLE_LOADER = "$(TEST_HOST)";
				CODE_SIGN_STYLE = Automatic;
				CURRENT_PROJECT_VERSION = 1;
				GENERATE_INFOPLIST_FILE = YES;
				IPHONEOS_DEPLOYMENT_TARGET = 16.0;
				MARKETING_VERSION = 1.0;
				PRODUCT_BUNDLE_IDENTIFIER = com.codepath.FlixTests;
				PRODUCT_NAME = "$(TARGET_NAME)";
				SWIFT_EMIT_LOC_STRINGS = NO;
				SWIFT_VERSION = 5.0;
				TARGETED_DEVICE_FAMILY = "1,2";
				TEST_HOST = "$(BUILT_PRODUCTS_DIR)/Flix.app/$(BUNDLE_EXECUTABLE_FOLDER_PATH)/Flix";
			};
			name = Release;
		};
		BCEE471028D942FE00642895 /* Debug */ = {
			isa = XCBuildConfiguration;
			buildSettings = {
				ALWAYS_EMBED_SWIFT_STANDARD_LIBRARIES = YES;
				CODE_SIGN_STYLE = Automatic;
				CURRENT_PROJECT_VERSION = 1;
				GENERATE_INFOPLIST_FILE = YES;
				MARKETING_VERSION = 1.0;
				PRODUCT_BUNDLE_IDENTIFIER = com.codepath.FlixUITests;
				PRODUCT_NAME = "$(TARGET_NAME)";
				SWIFT_EMIT_LOC_STRINGS = NO;
				SWIFT_VERSION = 5.0;
				TARGETED_DEVICE_FAMILY = "1,2";
				TEST_TARGET_NAME = Flix;
			};
			name = Debug;
		};
		BCEE471128D942FE00642895 /* Release */ = {
			isa = XCBuildConfiguration;
			buildSettings = {
				ALWAYS_EMBED_SWIFT_STANDARD_LIBRARIES = YES;
				CODE_SIGN_STYLE = Automatic;
				CURRENT_PROJECT_VERSION = 1;
				GENERATE_INFOPLIST_FILE = YES;
				MARKETING_VERSION = 1.0;
				PRODUCT_BUNDLE_IDENTIFIER = com.codepath.FlixUITests;
				PRODUCT_NAME = "$(TARGET_NAME)";
				SWIFT_EMIT_LOC_STRINGS = NO;
				SWIFT_VERSION = 5.0;
				TARGETED_DEVICE_FAMILY = "1,2";
				TEST_TARGET_NAME = Flix;
			};
			name = Release;
		};
/* End XCBuildConfiguration section */

/* Begin XCConfigurationList section */
		BCEE46DA28D942B800642895 /* Build configuration list for PBXProject "Flix" */ = {
			isa = XCConfigurationList;
			buildConfigurations = (
				BCEE470728D942FE00642895 /* Debug */,
				BCEE470828D942FE00642895 /* Release */,
			);
			defaultConfigurationIsVisible = 0;
			defaultConfigurationName = Release;
		};
		BCEE470928D942FE00642895 /* Build configuration list for PBXNativeTarget "Flix" */ = {
			isa = XCConfigurationList;
			buildConfigurations = (
				BCEE470A28D942FE00642895 /* Debug */,
				BCEE470B28D942FE00642895 /* Release */,
			);
			defaultConfigurationIsVisible = 0;
			defaultConfigurationName = Release;
		};
		BCEE470C28D942FE00642895 /* Build configuration list for PBXNativeTarget "FlixTests" */ = {
			isa = XCConfigurationList;
			buildConfigurations = (
				BCEE470D28D942FE00642895 /* Debug */,
				BCEE470E28D942FE00642895 /* Release */,
			);
			defaultConfigurationIsVisible = 0;
			defaultConfigurationName = Release;
		};
		BCEE470F28D942FE00642895 /* Build configuration list for PBXNativeTarget "FlixUITests" */ = {
			isa = XCConfigurationList;
			buildConfigurations = (
				BCEE471028D942FE00642895 /* Debug */,
				BCEE471128D942FE00642895 /* Release */,
			);
			defaultConfigurationIsVisible = 0;
			defaultConfigurationName = Release;
		};
/* End XCConfigurationList section */

/* Begin XCRemoteSwiftPackageReference section */
		BCEE471428DA5DF900642895 /* XCRemoteSwiftPackageReference "AlamofireImage" */ = {
			isa = XCRemoteSwiftPackageReference;
			repositoryURL = "https://github.com/Alamofire/AlamofireImage";
			requirement = {
				branch = master;
				kind = branch;
			};
		};
/* End XCRemoteSwiftPackageReference section */

/* Begin XCSwiftPackageProductDependency section */
		BCEE471528DA5DF900642895 /* AlamofireImage */ = {
			isa = XCSwiftPackageProductDependency;
			package = BCEE471428DA5DF900642895 /* XCRemoteSwiftPackageReference "AlamofireImage" */;
			productName = AlamofireImage;
		};
/* End XCSwiftPackageProductDependency section */
	};
	rootObject = BCEE46D728D942B700642895 /* Project object */;
}
